
Microsoft Visual Studio Solution File, Format Version 12.00
# Visual Studio Version 16
VisualStudioVersion = 16.0.29424.173
MinimumVisualStudioVersion = 10.0.40219.1
Project("{FAE04EC0-301F-11D3-BF4B-00C04F79EFBC}") = "Projekt_Inzynierski", "Projekt_Inzynierski\Projekt_Inzynierski.csproj", "{0B6068F4-4FBB-4D50-A298-FFB9A9D449A7}"
EndProject
Project("{FAE04EC0-301F-11D3-BF4B-00C04F79EFBC}") = "DataLayerLibrary", "DataLayerLibrary\DataLayerLibrary.csproj", "{24498A15-E07E-432C-B7D1-8F4682D60E07}"
EndProject
Project("{FAE04EC0-301F-11D3-BF4B-00C04F79EFBC}") = "DtoLibrary", "DtoLibrary\DtoLibrary.csproj", "{3537B75F-1084-4A85-8435-CFFC2052432F}"
EndProject
Project("{FAE04EC0-301F-11D3-BF4B-00C04F79EFBC}") = "GusLibrary", "GusLibrary\GusLibrary.csproj", "{6C7B3A35-0FA0-4A50-B383-8629FE36A0A8}"
EndProject
Project("{FAE04EC0-301F-11D3-BF4B-00C04F79EFBC}") = "MfLibrary", "MfLibrary\MfLibrary.csproj", "{85FE865C-F946-4835-A394-AC957C813BD7}"
EndProject
Project("{FAE04EC0-301F-11D3-BF4B-00C04F79EFBC}") = "FunctionalTestsProject", "FunctionalTestsProject\FunctionalTestsProject.csproj", "{8FF15607-BD50-4C5F-9B30-A7E552C069EB}"
EndProject
Global
	GlobalSection(SolutionConfigurationPlatforms) = preSolution
		Debug|Any CPU = Debug|Any CPU
		Release|Any CPU = Release|Any CPU
	EndGlobalSection
	GlobalSection(ProjectConfigurationPlatforms) = postSolution
		{0B6068F4-4FBB-4D50-A298-FFB9A9D449A7}.Debug|Any CPU.ActiveCfg = Debug|Any CPU
		{0B6068F4-4FBB-4D50-A298-FFB9A9D449A7}.Debug|Any CPU.Build.0 = Debug|Any CPU
		{0B6068F4-4FBB-4D50-A298-FFB9A9D449A7}.Release|Any CPU.ActiveCfg = Release|Any CPU
		{0B6068F4-4FBB-4D50-A298-FFB9A9D449A7}.Release|Any CPU.Build.0 = Release|Any CPU
		{24498A15-E07E-432C-B7D1-8F4682D60E07}.Debug|Any CPU.ActiveCfg = Debug|Any CPU
		{24498A15-E07E-432C-B7D1-8F4682D60E07}.Debug|Any CPU.Build.0 = Debug|Any CPU
		{24498A15-E07E-432C-B7D1-8F4682D60E07}.Release|Any CPU.ActiveCfg = Release|Any CPU
		{24498A15-E07E-432C-B7D1-8F4682D60E07}.Release|Any CPU.Build.0 = Release|Any CPU
		{3537B75F-1084-4A85-8435-CFFC2052432F}.Debug|Any CPU.ActiveCfg = Debug|Any CPU
		{3537B75F-1084-4A85-8435-CFFC2052432F}.Debug|Any CPU.Build.0 = Debug|Any CPU
		{3537B75F-1084-4A85-8435-CFFC2052432F}.Release|Any CPU.ActiveCfg = Release|Any CPU
		{3537B75F-1084-4A85-8435-CFFC2052432F}.Release|Any CPU.Build.0 = Release|Any CPU
		{6C7B3A35-0FA0-4A50-B383-8629FE36A0A8}.Debug|Any CPU.ActiveCfg = Debug|Any CPU
		{6C7B3A35-0FA0-4A50-B383-8629FE36A0A8}.Debug|Any CPU.Build.0 = Debug|Any CPU
		{6C7B3A35-0FA0-4A50-B383-8629FE36A0A8}.Release|Any CPU.ActiveCfg = Release|Any CPU
		{6C7B3A35-0FA0-4A50-B383-8629FE36A0A8}.Release|Any CPU.Build.0 = Release|Any CPU
		{85FE865C-F946-4835-A394-AC957C813BD7}.Debug|Any CPU.ActiveCfg = Debug|Any CPU
		{85FE865C-F946-4835-A394-AC957C813BD7}.Debug|Any CPU.Build.0 = Debug|Any CPU
		{85FE865C-F946-4835-A394-AC957C813BD7}.Release|Any CPU.ActiveCfg = Release|Any CPU
		{85FE865C-F946-4835-A394-AC957C813BD7}.Release|Any CPU.Build.0 = Release|Any CPU
		{8FF15607-BD50-4C5F-9B30-A7E552C069EB}.Debug|Any CPU.ActiveCfg = Debug|Any CPU
		{8FF15607-BD50-4C5F-9B30-A7E552C069EB}.Debug|Any CPU.Build.0 = Debug|Any CPU
		{8FF15607-BD50-4C5F-9B30-A7E552C069EB}.Release|Any CPU.ActiveCfg = Release|Any CPU
		{8FF15607-BD50-4C5F-9B30-A7E552C069EB}.Release|Any CPU.Build.0 = Release|Any CPU
	EndGlobalSection
	GlobalSection(SolutionProperties) = preSolution
		HideSolutionNode = FALSE
	EndGlobalSection
	GlobalSection(ExtensibilityGlobals) = postSolution
		SolutionGuid = {461079B9-ED37-498C-A951-3EB45F7C8491}
	EndGlobalSection
EndGlobal
